{
  "nodes": {
    "nixpkgs": {
      "locked": {
        "lastModified": 1640124808,
        "narHash": "sha256-oBh3UrgAjfFt3nYtkKeyjfOuIPKCdh8HK0Lu2P7voXU=",
        "owner": "nixos",
        "repo": "nixpkgs",
        "rev": "746b1b9d69263235b64f19337734fe57c5806ba8",
        "type": "github"
      },
      "original": {
        "owner": "nixos",
        "ref": "release-21.11",
        "repo": "nixpkgs",
        "type": "github"
      }
    },
    "root": {
      "inputs": {
        "nixpkgs": "nixpkgs"
      }
    }
  },
  "root": "root",
  "version": 7
}
